
Microsoft Visual Studio Solution File, Format Version 12.00
# Visual Studio Version 16
VisualStudioVersion = 16.0.31321.278
MinimumVisualStudioVersion = 10.0.40219.1
Project("{FAE04EC0-301F-11D3-BF4B-00C04F79EFBC}") = "WpfApp1", "WpfApp1\WpfApp1.csproj", "{BBC33F69-59EC-4CD2-8288-EA78D1169295}"
EndProject
Project("{2150E333-8FDC-42A3-9474-1A3956D46DE8}") = "Solution Items", "Solution Items", "{2087450D-FA23-4BA7-A0C1-C2408A1945FE}"
EndProject
Global
	GlobalSection(SolutionConfigurationPlatforms) = preSolution
		Debug|Any CPU = Debug|Any CPU
		Release|Any CPU = Release|Any CPU
	EndGlobalSection
	GlobalSection(ProjectConfigurationPlatforms) = postSolution
		{BBC33F69-59EC-4CD2-8288-EA78D1169295}.Debug|Any CPU.ActiveCfg = Debug|Any CPU
		{BBC33F69-59EC-4CD2-8288-EA78D1169295}.Debug|Any CPU.Build.0 = Debug|Any CPU
		{BBC33F69-59EC-4CD2-8288-EA78D1169295}.Release|Any CPU.ActiveCfg = Release|Any CPU
		{BBC33F69-59EC-4CD2-8288-EA78D1169295}.Release|Any CPU.Build.0 = Release|Any CPU
	EndGlobalSection
	GlobalSection(SolutionProperties) = preSolution
		HideSolutionNode = FALSE
	EndGlobalSection
	GlobalSection(ExtensibilityGlobals) = postSolution
		SolutionGuid = {614C9F2C-D454-41B8-923E-F32B3866F6E7}
	EndGlobalSection
EndGlobal
